
Microsoft Visual Studio Solution File, Format Version 12.00
# Visual Studio Version 17
VisualStudioVersion = 17.14.37216.2 d17.14
MinimumVisualStudioVersion = 10.0.40219.1
Project("{FAE04EC0-301F-11D3-BF4B-00C04F79EFBC}") = "CalendarApp", "CalendarApp\CalendarApp.csproj", "{7017A2D1-2F0A-4B96-9222-BDC2CE75269C}"
EndProject
Global
	GlobalSection(SolutionConfigurationPlatforms) = preSolution
		Debug|Any CPU = Debug|Any CPU
		Release|Any CPU = Release|Any CPU
	EndGlobalSection
	GlobalSection(ProjectConfigurationPlatforms) = postSolution
		{7017A2D1-2F0A-4B96-9222-BDC2CE75269C}.Debug|Any CPU.ActiveCfg = Debug|Any CPU
		{7017A2D1-2F0A-4B96-9222-BDC2CE75269C}.Debug|Any CPU.Build.0 = Debug|Any CPU
		{7017A2D1-2F0A-4B96-9222-BDC2CE75269C}.Release|Any CPU.ActiveCfg = Release|Any CPU
		{7017A2D1-2F0A-4B96-9222-BDC2CE75269C}.Release|Any CPU.Build.0 = Release|Any CPU
	EndGlobalSection
	GlobalSection(SolutionProperties) = preSolution
		HideSolutionNode = FALSE
	EndGlobalSection
	GlobalSection(ExtensibilityGlobals) = postSolution
		SolutionGuid = {461A3E6E-B0AA-42A9-A2D8-BCA4B32E3E09}
	EndGlobalSection
EndGlobal
